// !$*UTF8*$!
{
	archiveVersion = 1;
	classes = {
	};
	objectVersion = 77;
	objects = {

/* Begin PBXBuildFile section */
		7AE5AF972EF6708100E5AEE2 /* PDFKit.framework in Frameworks */ = {isa = PBXBuildFile; fileRef = 7AE5AF962EF6708100E5AEE2 /* PDFKit.framework */; };
/* End PBXBuildFile section */

/* Begin PBXContainerItemProxy section */
		7A971BB62E4C4C64000E5B54 /* PBXContainerItemProxy */ = {
			isa = PBXContainerItemProxy;
			containerPortal = 7A971BA02E4C4C62000E5B54 /* Project object */;
			proxyType = 1;
			remoteGlobalIDString = 7A971BA72E4C4C62000E5B54;
			remoteInfo = "Music Package";
		};
		7A971BC02E4C4C64000E5B54 /* PBXContainerItemProxy */ = {
			isa = PBXContainerItemProxy;
			containerPortal = 7A971BA02E4C4C62000E5B54 /* Project object */;
			proxyType = 1;
			remoteGlobalIDString = 7A971BA72E4C4C62000E5B54;
			remoteInfo = "Music Package";
		};
/* End PBXContainerItemProxy section */

/* Begin PBXFileReference section */
		7A971BA82E4C4C62000E5B54 /* Music Package.app */ = {isa = PBXFileReference; explicitFileType = wrapper.application; includeInIndex = 0; path = "Music Package.app"; sourceTree = BUILT_PRODUCTS_DIR; };
		7A971BB52E4C4C64000E5B54 /* Music PackageTests.xctest */ = {isa = PBXFileReference; explicitFileType = wrapper.cfbundle; includeInIndex = 0; path = "Music PackageTests.xctest"; sourceTree = BUILT_PRODUCTS_DIR; };
		7A971BBF2E4C4C64000E5B54 /* Music PackageUITests.xctest */ = {isa = PBXFileReference; explicitFileType = wrapper.cfbundle; includeInIndex = 0; path = "Music PackageUITests.xctest"; sourceTree = BUILT_PRODUCTS_DIR; };
		7AE5AF962EF6708100E5AEE2 /* PDFKit.framework */ = {isa = PBXFileReference; lastKnownFileType = wrapper.framework; name = PDFKit.framework; path = System/Library/Frameworks/PDFKit.framework; sourceTree = SDKROOT; };
/* End PBXFileReference section */

/* Begin PBXFileSystemSynchronizedRootGroup section */
		7A971BAA2E4C4C62000E5B54 /* Music Package */ = {
			isa = PBXFileSystemSynchronizedRootGroup;
			path = "Music Package";
			sourceTree = "<group>";
		};
		7A971BB82E4C4C64000E5B54 /* Music PackageTests */ = {
			isa = PBXFileSystemSynchronizedRootGroup;
			path = "Music PackageTests";
			sourceTree = "<group>";
		};
		7A971BC22E4C4C64000E5B54 /* Music PackageUITests */ = {
			isa = PBXFileSystemSynchronizedRootGroup;
			path = "Music PackageUITests";
			sourceTree = "<group>";
		};
/* End PBXFileSystemSynchronizedRootGroup section */

/* Begin PBXFrameworksBuildPhase section */
		7A971BA52E4C4C62000E5B54 /* Frameworks */ = {
			isa = PBXFrameworksBuildPhase;
			buildActionMask = 2147483647;
			files = (
				7AE5AF972EF6708100E5AEE2 /* PDFKit.framework in Frameworks */,
			);
			runOnlyForDeploymentPostprocessing = 0;
		};
		7A971BB22E4C4C64000E5B54 /* Frameworks */ = {
			isa = PBXFrameworksBuildPhase;
			buildActionMask = 2147483647;
			files = (
			);
			runOnlyForDeploymentPostprocessing = 0;
		};
		7A971BBC2E4C4C64000E5B54 /* Frameworks */ = {
			isa = PBXFrameworksBuildPhase;
			buildActionMask = 2147483647;
			files = (
			);
			runOnlyForDeploymentPostprocessing = 0;
		};
/* End PBXFrameworksBuildPhase section */

/* Begin PBXGroup section */
		7A971B9F2E4C4C62000E5B54 = {
			isa = PBXGroup;
			children = (
				7A971BAA2E4C4C62000E5B54 /* Music Package */,
				7A971BB82E4C4C64000E5B54 /* Music PackageTests */,
				7A971BC22E4C4C64000E5B54 /* Music PackageUITests */,
				7AE5AF952EF6708100E5AEE2 /* Frameworks */,
				7A971BA92E4C4C62000E5B54 /* Products */,
			);
			sourceTree = "<group>";
		};
		7A971BA92E4C4C62000E5B54 /* Products */ = {
			isa = PBXGroup;
			children = (
				7A971BA82E4C4C62000E5B54 /* Music Package.app */,
				7A971BB52E4C4C64000E5B54 /* Music PackageTests.xctest */,
				7A971BBF2E4C4C64000E5B54 /* Music PackageUITests.xctest */,
			);
			name = Products;
			sourceTree = "<group>";
		};
		7AE5AF952EF6708100E5AEE2 /* Frameworks */ = {
			isa = PBXGroup;
			children = (
				7AE5AF962EF6708100E5AEE2 /* PDFKit.framework */,
			);
			name = Frameworks;
			sourceTree = "<group>";
		};
/* End PBXGroup section */

/* Begin PBXNativeTarget section */
		7A971BA72E4C4C62000E5B54 /* Music Package */ = {
			isa = PBXNativeTarget;
			buildConfigurationList = 7A971BC92E4C4C64000E5B54 /* Build configuration list for PBXNativeTarget "Music Package" */;
			buildPhases = (
				7A971BA42E4C4C62000E5B54 /* Sources */,
				7A971BA52E4C4C62000E5B54 /* Frameworks */,
				7A971BA62E4C4C62000E5B54 /* Resources */,
			);
			buildRules = (
			);
			dependencies = (
			);
			fileSystemSynchronizedGroups = (
				7A971BAA2E4C4C62000E5B54 /* Music Package */,
			);
			name = "Music Package";
			packageProductDependencies = (
			);
			productName = "Music Package";
			productReference = 7A971BA82E4C4C62000E5B54 /* Music Package.app */;
			productType = "com.apple.product-type.application";
		};
		7A971BB42E4C4C64000E5B54 /* Music PackageTests */ = {
			isa = PBXNativeTarget;
			buildConfigurationList = 7A971BCC2E4C4C64000E5B54 /* Build configuration list for PBXNativeTarget "Music PackageTests" */;
			buildPhases = (
				7A971BB12E4C4C64000E5B54 /* Sources */,
				7A971BB22E4C4C64000E5B54 /* Frameworks */,
				7A971BB32E4C4C64000E5B54 /* Resources */,
			);
			buildRules = (
			);
			dependencies = (
				7A971BB72E4C4C64000E5B54 /* PBXTargetDependency */,
			);
			fileSystemSynchronizedGroups = (
				7A971BB82E4C4C64000E5B54 /* Music PackageTests */,
			);
			name = "Music PackageTests";
			packageProductDependencies = (
			);
			productName = "Music PackageTests";
			productReference = 7A971BB52E4C4C64000E5B54 /* Music PackageTests.xctest */;
			productType = "com.apple.product-type.bundle.unit-test";
		};
		7A971BBE2E4C4C64000E5B54 /* Music PackageUITests */ = {
			isa = PBXNativeTarget;
			buildConfigurationList = 7A971BCF2E4C4C64000E5B54 /* Build configuration list for PBXNativeTarget "Music PackageUITests" */;
			buildPhases = (
				7A971BBB2E4C4C64000E5B54 /* Sources */,
				7A971BBC2E4C4C64000E5B54 /* Frameworks */,
				7A971BBD2E4C4C64000E5B54 /* Resources */,
			);
			buildRules = (
			);
			dependencies = (
				7A971BC12E4C4C64000E5B54 /* PBXTargetDependency */,
			);
			fileSystemSynchronizedGroups = (
				7A971BC22E4C4C64000E5B54 /* Music PackageUITests */,
			);
			name = "Music PackageUITests";
			packageProductDependencies = (
			);
			productName = "Music PackageUITests";
			productReference = 7A971BBF2E4C4C64000E5B54 /* Music PackageUITests.xctest */;
			productType = "com.apple.product-type.bundle.ui-testing";
		};
/* End PBXNativeTarget section */

/* Begin PBXProject section */
		7A971BA02E4C4C62000E5B54 /* Project object */ = {
			isa = PBXProject;
			attributes = {
				BuildIndependentTargetsInParallel = 1;
				LastSwiftUpdateCheck = 1640;
				LastUpgradeCheck = 1640;
				TargetAttributes = {
					7A971BA72E4C4C62000E5B54 = {
						CreatedOnToolsVersion = 16.4;
					};
					7A971BB42E4C4C64000E5B54 = {
						CreatedOnToolsVersion = 16.4;
						TestTargetID = 7A971BA72E4C4C62000E5B54;
					};
					7A971BBE2E4C4C64000E5B54 = {
						CreatedOnToolsVersion = 16.4;
						TestTargetID = 7A971BA72E4C4C62000E5B54;
					};
				};
			};
			buildConfigurationList = 7A971BA32E4C4C62000E5B54 /* Build configuration list for PBXProject "Music Package" */;
			developmentRegion = en;
			hasScannedForEncodings = 0;
			knownRegions = (
				en,
				Base,
			);
			mainGroup = 7A971B9F2E4C4C62000E5B54;
			minimizedProjectReferenceProxies = 1;
			preferredProjectObjectVersion = 77;
			productRefGroup = 7A971BA92E4C4C62000E5B54 /* Products */;
			projectDirPath = "";
			projectRoot = "";
			targets = (
				7A971BA72E4C4C62000E5B54 /* Music Package */,
				7A971BB42E4C4C64000E5B54 /* Music PackageTests */,
				7A971BBE2E4C4C64000E5B54 /* Music PackageUITests */,
			);
		};
/* End PBXProject section */

/* Begin PBXResourcesBuildPhase section */
		7A971BA62E4C4C62000E5B54 /* Resources */ = {
			isa = PBXResourcesBuildPhase;
			buildActionMask = 2147483647;
			files = (
			);
			runOnlyForDeploymentPostprocessing = 0;
		};
		7A971BB32E4C4C64000E5B54 /* Resources */ = {
			isa = PBXResourcesBuildPhase;
			buildActionMask = 2147483647;
			files = (
			);
			runOnlyForDeploymentPostprocessing = 0;
		};
		7A971BBD2E4C4C64000E5B54 /* Resources */ = {
			isa = PBXResourcesBuildPhase;
			buildActionMask = 2147483647;
			files = (
			);
			runOnlyForDeploymentPostprocessing = 0;
		};
/* End PBXResourcesBuildPhase section */

/* Begin PBXSourcesBuildPhase section */
		7A971BA42E4C4C62000E5B54 /* Sources */ = {
			isa = PBXSourcesBuildPhase;
			buildActionMask = 2147483647;
			files = (
			);
			runOnlyForDeploymentPostprocessing = 0;
		};
		7A971BB12E4C4C64000E5B54 /* Sources */ = {
			isa = PBXSourcesBuildPhase;
			buildActionMask = 2147483647;
			files = (
			);
			runOnlyForDeploymentPostprocessing = 0;
		};
		7A971BBB2E4C4C64000E5B54 /* Sources */ = {
			isa = PBXSourcesBuildPhase;
			buildActionMask = 2147483647;
			files = (
			);
			runOnlyForDeploymentPostprocessing = 0;
		};
/* End PBXSourcesBuildPhase section */

/* Begin PBXTargetDependency section */
		7A971BB72E4C4C64000E5B54 /* PBXTargetDependency */ = {
			isa = PBXTargetDependency;
			target = 7A971BA72E4C4C62000E5B54 /* Music Package */;
			targetProxy = 7A971BB62E4C4C64000E5B54 /* PBXContainerItemProxy */;
		};
		7A971BC12E4C4C64000E5B54 /* PBXTargetDependency */ = {
			isa = PBXTargetDependency;
			target = 7A971BA72E4C4C62000E5B54 /* Music Package */;
			targetProxy = 7A971BC02E4C4C64000E5B54 /* PBXContainerItemProxy */;
		};
/* End PBXTargetDependency section */

/* Begin XCBuildConfiguration section */
		7A971BC72E4C4C64000E5B54 /* Debug */ = {
			isa = XCBuildConfiguration;
			buildSettings = {
				ALWAYS_SEARCH_USER_PATHS = NO;
				ASSETCATALOG_COMPILER_GENERATE_SWIFT_ASSET_SYMBOL_EXTENSIONS = YES;
				CLANG_ANALYZER_NONNULL = YES;
				CLANG_ANALYZER_NUMBER_OBJECT_CONVERSION = YES_AGGRESSIVE;
				CLANG_CXX_LANGUAGE_STANDARD = "gnu++20";
				CLANG_ENABLE_MODULES = YES;
				CLANG_ENABLE_OBJC_ARC = YES;
				CLANG_ENABLE_OBJC_WEAK = YES;
				CLANG_WARN_BLOCK_CAPTURE_AUTORELEASING = YES;
				CLANG_WARN_BOOL_CONVERSION = YES;
				CLANG_WARN_COMMA = YES;
				CLANG_WARN_CONSTANT_CONVERSION = YES;
				CLANG_WARN_DEPRECATED_OBJC_IMPLEMENTATIONS = YES;
				CLANG_WARN_DIRECT_OBJC_ISA_USAGE = YES_ERROR;
				CLANG_WARN_DOCUMENTATION_COMMENTS = YES;
				CLANG_WARN_EMPTY_BODY = YES;
				CLANG_WARN_ENUM_CONVERSION = YES;
				CLANG_WARN_INFINITE_RECURSION = YES;
				CLANG_WARN_INT_CONVERSION = YES;
				CLANG_WARN_NON_LITERAL_NULL_CONVERSION = YES;
				CLANG_WARN_OBJC_IMPLICIT_RETAIN_SELF = YES;
				CLANG_WARN_OBJC_LITERAL_CONVERSION = YES;
				CLANG_WARN_OBJC_ROOT_CLASS = YES_ERROR;
				CLANG_WARN_QUOTED_INCLUDE_IN_FRAMEWORK_HEADER = YES;
				CLANG_WARN_RANGE_LOOP_ANALYSIS = YES;
				CLANG_WARN_STRICT_PROTOTYPES = YES;
				CLANG_WARN_SUSPICIOUS_MOVE = YES;
				CLANG_WARN_UNGUARDED_AVAILABILITY = YES_AGGRESSIVE;
				CLANG_WARN_UNREACHABLE_CODE = YES;
				CLANG_WARN__DUPLICATE_METHOD_MATCH = YES;
				COPY_PHASE_STRIP = NO;
				DEBUG_INFORMATION_FORMAT = dwarf;
				ENABLE_STRICT_OBJC_MSGSEND = YES;
				ENABLE_TESTABILITY = YES;
				ENABLE_USER_SCRIPT_SANDBOXING = YES;
				GCC_C_LANGUAGE_STANDARD = gnu17;
				GCC_DYNAMIC_NO_PIC = NO;
				GCC_NO_COMMON_BLOCKS = YES;
				GCC_OPTIMIZATION_LEVEL = 0;
				GCC_PREPROCESSOR_DEFINITIONS = (
					"DEBUG=1",
					"$(inherited)",
				);
				GCC_WARN_64_TO_32_BIT_CONVERSION = YES;
				GCC_WARN_ABOUT_RETURN_TYPE = YES_ERROR;
				GCC_WARN_UNDECLARED_SELECTOR = YES;
				GCC_WARN_UNINITIALIZED_AUTOS = YES_AGGRESSIVE;
				GCC_WARN_UNUSED_FUNCTION = YES;
				GCC_WARN_UNUSED_VARIABLE = YES;
				IPHONEOS_DEPLOYMENT_TARGET = 18.5;
				LOCALIZATION_PREFERS_STRING_CATALOGS = YES;
				MTL_ENABLE_DEBUG_INFO = INCLUDE_SOURCE;
				MTL_FAST_MATH = YES;
				ONLY_ACTIVE_ARCH = YES;
				SDKROOT = iphoneos;
				SWIFT_ACTIVE_COMPILATION_CONDITIONS = "DEBUG $(inherited)";
				SWIFT_OPTIMIZATION_LEVEL = "-Onone";
			};
			name = Debug;
		};
		7A971BC82E4C4C64000E5B54 /* Release */ = {
			isa = XCBuildConfiguration;
			buildSettings = {
				ALWAYS_SEARCH_USER_PATHS = NO;
				ASSETCATALOG_COMPILER_GENERATE_SWIFT_ASSET_SYMBOL_EXTENSIONS = YES;
				CLANG_ANALYZER_NONNULL = YES;
				CLANG_ANALYZER_NUMBER_OBJECT_CONVERSION = YES_AGGRESSIVE;
				CLANG_CXX_LANGUAGE_STANDARD = "gnu++20";
				CLANG_ENABLE_MODULES = YES;
				CLANG_ENABLE_OBJC_ARC = YES;
				CLANG_ENABLE_OBJC_WEAK = YES;
				CLANG_WARN_BLOCK_CAPTURE_AUTORELEASING = YES;
				CLANG_WARN_BOOL_CONVERSION = YES;
				CLANG_WARN_COMMA = YES;
				CLANG_WARN_CONSTANT_CONVERSION = YES;
				CLANG_WARN_DEPRECATED_OBJC_IMPLEMENTATIONS = YES;
				CLANG_WARN_DIRECT_OBJC_ISA_USAGE = YES_ERROR;
				CLANG_WARN_DOCUMENTATION_COMMENTS = YES;
				CLANG_WARN_EMPTY_BODY = YES;
				CLANG_WARN_ENUM_CONVERSION = YES;
				CLANG_WARN_INFINITE_RECURSION = YES;
				CLANG_WARN_INT_CONVERSION = YES;
				CLANG_WARN_NON_LITERAL_NULL_CONVERSION = YES;
				CLANG_WARN_OBJC_IMPLICIT_RETAIN_SELF = YES;
				CLANG_WARN_OBJC_LITERAL_CONVERSION = YES;
				CLANG_WARN_OBJC_ROOT_CLASS = YES_ERROR;
				CLANG_WARN_QUOTED_INCLUDE_IN_FRAMEWORK_HEADER = YES;
				CLANG_WARN_RANGE_LOOP_ANALYSIS = YES;
				CLANG_WARN_STRICT_PROTOTYPES = YES;
				CLANG_WARN_SUSPICIOUS_MOVE = YES;
				CLANG_WARN_UNGUARDED_AVAILABILITY = YES_AGGRESSIVE;
				CLANG_WARN_UNREACHABLE_CODE = YES;
				CLANG_WARN__DUPLICATE_METHOD_MATCH = YES;
				COPY_PHASE_STRIP = NO;
				DEBUG_INFORMATION_FORMAT = "dwarf-with-dsym";
				ENABLE_NS_ASSERTIONS = NO;
				ENABLE_STRICT_OBJC_MSGSEND = YES;
				ENABLE_USER_SCRIPT_SANDBOXING = YES;
				GCC_C_LANGUAGE_STANDARD = gnu17;
				GCC_NO_COMMON_BLOCKS = YES;
				GCC_WARN_64_TO_32_BIT_CONVERSION = YES;
				GCC_WARN_ABOUT_RETURN_TYPE = YES_ERROR;
				GCC_WARN_UNDECLARED_SELECTOR = YES;
				GCC_WARN_UNINITIALIZED_AUTOS = YES_AGGRESSIVE;
				GCC_WARN_UNUSED_FUNCTION = YES;
				GCC_WARN_UNUSED_VARIABLE = YES;
				IPHONEOS_DEPLOYMENT_TARGET = 18.5;
				LOCALIZATION_PREFERS_STRING_CATALOGS = YES;
				MTL_ENABLE_DEBUG_INFO = NO;
				MTL_FAST_MATH = YES;
				SDKROOT = iphoneos;
				SWIFT_COMPILATION_MODE = wholemodule;
				VALIDATE_PRODUCT = YES;
			};
			name = Release;
		};
		7A971BCA2E4C4C64000E5B54 /* Debug */ = {
			isa = XCBuildConfiguration;
			buildSettings = {
				ASSETCATALOG_COMPILER_APPICON_NAME = AppIcon;
				ASSETCATALOG_COMPILER_GLOBAL_ACCENT_COLOR_NAME = AccentColor;
				CODE_SIGN_IDENTITY = "Apple Development";
				CODE_SIGN_STYLE = Automatic;
				CURRENT_PROJECT_VERSION = 1;
				DEVELOPMENT_TEAM = 4GSPDN6HNC;
				ENABLE_PREVIEWS = YES;
				GENERATE_INFOPLIST_FILE = YES;
				INFOPLIST_FILE = "Music-Package-Info.plist";
				INFOPLIST_KEY_CFBundleDisplayName = "";
				INFOPLIST_KEY_LSApplicationCategoryType = "";
				INFOPLIST_KEY_NSCameraUsageDescription = "Need the camera to track facial gestures.\n\nNeed the camera to track facial gestures.\n\nNeed the camera to track facial gestures.\n\nNeed the camera to track facial gestures.\n\nNeed the Camera to track Facial Gestures";
				INFOPLIST_KEY_UIApplicationSceneManifest_Generation = YES;
				INFOPLIST_KEY_UIApplicationSupportsIndirectInputEvents = YES;
				INFOPLIST_KEY_UILaunchScreen_Generation = YES;
				INFOPLIST_KEY_UISupportedInterfaceOrientations_iPad = "UIInterfaceOrientationPortrait UIInterfaceOrientationPortraitUpsideDown UIInterfaceOrientationLandscapeLeft UIInterfaceOrientationLandscapeRight";
				INFOPLIST_KEY_UISupportedInterfaceOrientations_iPhone = "UIInterfaceOrientationPortrait UIInterfaceOrientationLandscapeLeft UIInterfaceOrientationLandscapeRight";
				LD_RUNPATH_SEARCH_PATHS = (
					"$(inherited)",
					"@executable_path/Frameworks",
				);
				MARKETING_VERSION = 1.0;
				PRODUCT_BUNDLE_IDENTIFIER = "com.avipatel.Music-Package";
				PRODUCT_NAME = "$(TARGET_NAME)";
				PROVISIONING_PROFILE_SPECIFIER = "";
				SWIFT_EMIT_LOC_STRINGS = YES;
				SWIFT_VERSION = 5.0;
				TARGETED_DEVICE_FAMILY = "1,2";
			};
			name = Debug;
		};
		7A971BCB2E4C4C64000E5B54 /* Release */ = {
			isa = XCBuildConfiguration;
			buildSettings = {
				ASSETCATALOG_COMPILER_APPICON_NAME = AppIcon;
				ASSETCATALOG_COMPILER_GLOBAL_ACCENT_COLOR_NAME = AccentColor;
				CODE_SIGN_IDENTITY = "Apple Development";
				CODE_SIGN_STYLE = Automatic;
				CURRENT_PROJECT_VERSION = 1;
				DEVELOPMENT_TEAM = 4GSPDN6HNC;
				ENABLE_PREVIEWS = YES;
				GENERATE_INFOPLIST_FILE = YES;
				INFOPLIST_FILE = "Music-Package-Info.plist";
				INFOPLIST_KEY_CFBundleDisplayName = "";
				INFOPLIST_KEY_LSApplicationCategoryType = "";
				INFOPLIST_KEY_NSCameraUsageDescription = "Need the camera to track facial gestures.\n\nNeed the camera to track facial gestures.\n\nNeed the camera to track facial gestures.\n\nNeed the camera to track facial gestures.\n\nNeed the Camera to track Facial Gestures";
				INFOPLIST_KEY_UIApplicationSceneManifest_Generation = YES;
				INFOPLIST_KEY_UIApplicationSupportsIndirectInputEvents = YES;
				INFOPLIST_KEY_UILaunchScreen_Generation = YES;
				INFOPLIST_KEY_UISupportedInterfaceOrientations_iPad = "UIInterfaceOrientationPortrait UIInterfaceOrientationPortraitUpsideDown UIInterfaceOrientationLandscapeLeft UIInterfaceOrientationLandscapeRight";
				INFOPLIST_KEY_UISupportedInterfaceOrientations_iPhone = "UIInterfaceOrientationPortrait UIInterfaceOrientationLandscapeLeft UIInterfaceOrientationLandscapeRight";
				LD_RUNPATH_SEARCH_PATHS = (
					"$(inherited)",
					"@executable_path/Frameworks",
				);
				MARKETING_VERSION = 1.0;
				PRODUCT_BUNDLE_IDENTIFIER = "com.avipatel.Music-Package";
				PRODUCT_NAME = "$(TARGET_NAME)";
				PROVISIONING_PROFILE_SPECIFIER = "";
				SWIFT_EMIT_LOC_STRINGS = YES;
				SWIFT_VERSION = 5.0;
				TARGETED_DEVICE_FAMILY = "1,2";
			};
			name = Release;
		};
		7A971BCD2E4C4C64000E5B54 /* Debug */ = {
			isa = XCBuildConfiguration;
			buildSettings = {
				BUNDLE_LOADER = "$(TEST_HOST)";
				CODE_SIGN_STYLE = Automatic;
				CURRENT_PROJECT_VERSION = 1;
				GENERATE_INFOPLIST_FILE = YES;
				IPHONEOS_DEPLOYMENT_TARGET = 18.5;
				MARKETING_VERSION = 1.0;
				PRODUCT_BUNDLE_IDENTIFIER = "com.avipatel.Music-PackageTests";
				PRODUCT_NAME = "$(TARGET_NAME)";
				SWIFT_EMIT_LOC_STRINGS = NO;
				SWIFT_VERSION = 5.0;
				TARGETED_DEVICE_FAMILY = "1,2";
				TEST_HOST = "$(BUILT_PRODUCTS_DIR)/Music Package.app/$(BUNDLE_EXECUTABLE_FOLDER_PATH)/Music Package";
			};
			name = Debug;
		};
		7A971BCE2E4C4C64000E5B54 /* Release */ = {
			isa = XCBuildConfiguration;
			buildSettings = {
				BUNDLE_LOADER = "$(TEST_HOST)";
				CODE_SIGN_STYLE = Automatic;
				CURRENT_PROJECT_VERSION = 1;
				GENERATE_INFOPLIST_FILE = YES;
				IPHONEOS_DEPLOYMENT_TARGET = 18.5;
				MARKETING_VERSION = 1.0;
				PRODUCT_BUNDLE_IDENTIFIER = "com.avipatel.Music-PackageTests";
				PRODUCT_NAME = "$(TARGET_NAME)";
				SWIFT_EMIT_LOC_STRINGS = NO;
				SWIFT_VERSION = 5.0;
				TARGETED_DEVICE_FAMILY = "1,2";
				TEST_HOST = "$(BUILT_PRODUCTS_DIR)/Music Package.app/$(BUNDLE_EXECUTABLE_FOLDER_PATH)/Music Package";
			};
			name = Release;
		};
		7A971BD02E4C4C64000E5B54 /* Debug */ = {
			isa = XCBuildConfiguration;
			buildSettings = {
				CODE_SIGN_STYLE = Automatic;
				CURRENT_PROJECT_VERSION = 1;
				GENERATE_INFOPLIST_FILE = YES;
				MARKETING_VERSION = 1.0;
				PRODUCT_BUNDLE_IDENTIFIER = "com.avipatel.Music-PackageUITests";
				PRODUCT_NAME = "$(TARGET_NAME)";
				SWIFT_EMIT_LOC_STRINGS = NO;
				SWIFT_VERSION = 5.0;
				TARGETED_DEVICE_FAMILY = "1,2";
				TEST_TARGET_NAME = "Music Package";
			};
			name = Debug;
		};
		7A971BD12E4C4C64000E5B54 /* Release */ = {
			isa = XCBuildConfiguration;
			buildSettings = {
				CODE_SIGN_STYLE = Automatic;
				CURRENT_PROJECT_VERSION = 1;
				GENERATE_INFOPLIST_FILE = YES;
				MARKETING_VERSION = 1.0;
				PRODUCT_BUNDLE_IDENTIFIER = "com.avipatel.Music-PackageUITests";
				PRODUCT_NAME = "$(TARGET_NAME)";
				SWIFT_EMIT_LOC_STRINGS = NO;
				SWIFT_VERSION = 5.0;
				TARGETED_DEVICE_FAMILY = "1,2";
				TEST_TARGET_NAME = "Music Package";
			};
			name = Release;
		};
/* End XCBuildConfiguration section */

/* Begin XCConfigurationList section */
		7A971BA32E4C4C62000E5B54 /* Build configuration list for PBXProject "Music Package" */ = {
			isa = XCConfigurationList;
			buildConfigurations = (
				7A971BC72E4C4C64000E5B54 /* Debug */,
				7A971BC82E4C4C64000E5B54 /* Release */,
			);
			defaultConfigurationIsVisible = 0;
			defaultConfigurationName = Release;
		};
		7A971BC92E4C4C64000E5B54 /* Build configuration list for PBXNativeTarget "Music Package" */ = {
			isa = XCConfigurationList;
			buildConfigurations = (
				7A971BCA2E4C4C64000E5B54 /* Debug */,
				7A971BCB2E4C4C64000E5B54 /* Release */,
			);
			defaultConfigurationIsVisible = 0;
			defaultConfigurationName = Release;
		};
		7A971BCC2E4C4C64000E5B54 /* Build configuration list for PBXNativeTarget "Music PackageTests" */ = {
			isa = XCConfigurationList;
			buildConfigurations = (
				7A971BCD2E4C4C64000E5B54 /* Debug */,
				7A971BCE2E4C4C64000E5B54 /* Release */,
			);
			defaultConfigurationIsVisible = 0;
			defaultConfigurationName = Release;
		};
		7A971BCF2E4C4C64000E5B54 /* Build configuration list for PBXNativeTarget "Music PackageUITests" */ = {
			isa = XCConfigurationList;
			buildConfigurations = (
				7A971BD02E4C4C64000E5B54 /* Debug */,
				7A971BD12E4C4C64000E5B54 /* Release */,
			);
			defaultConfigurationIsVisible = 0;
			defaultConfigurationName = Release;
		};
/* End XCConfigurationList section */
	};
	rootObject = 7A971BA02E4C4C62000E5B54 /* Project object */;
}
